Microsoft Visual Studio Solution File, Format Version 7.00
Project("{FAE04EC0-301F-11D3-BF4B-00C04F79EFBC}") = "AsyncDelegates", "AsyncDelegates.csproj", "{17984A01-D656-4CFC-8C27-FF6AADD4BA72}"
EndProject
Global
	GlobalSection(SolutionConfiguration) = preSolution
		ConfigName.0 = Debug
		ConfigName.1 = Release
	EndGlobalSection
	GlobalSection(ProjectDependencies) = postSolution
	EndGlobalSection
	GlobalSection(ProjectConfiguration) = postSolution
		{17984A01-D656-4CFC-8C27-FF6AADD4BA72}.Debug.ActiveCfg = Debug|.NET
		{17984A01-D656-4CFC-8C27-FF6AADD4BA72}.Debug.Build.0 = Debug|.NET
		{17984A01-D656-4CFC-8C27-FF6AADD4BA72}.Release.ActiveCfg = Release|.NET
		{17984A01-D656-4CFC-8C27-FF6AADD4BA72}.Release.Build.0 = Release|.NET
	EndGlobalSection
	GlobalSection(ExtensibilityGlobals) = postSolution
	EndGlobalSection
	GlobalSection(ExtensibilityAddIns) = postSolution
	EndGlobalSection
EndGlobal
